// !$*UTF8*$!
{
	archiveVersion = 1;
	classes = {
	};
	objectVersion = 46;
	objects = {

/* Begin PBXBuildFile section */
		D0FB377E1E93CCA8007BBEB9 /* AppDelegate.swift in Sources */ = {isa = PBXBuildFile; fileRef = D0FB377D1E93CCA8007BBEB9 /* AppDelegate.swift */; };
		D0FB37801E93CCA8007BBEB9 /* FirstViewController.swift in Sources */ = {isa = PBXBuildFile; fileRef = D0FB377F1E93CCA8007BBEB9 /* FirstViewController.swift */; };
		D0FB37821E93CCA8007BBEB9 /* SecondViewController.swift in Sources */ = {isa = PBXBuildFile; fileRef = D0FB37811E93CCA8007BBEB9 /* SecondViewController.swift */; };
		D0FB37851E93CCA9007BBEB9 /* Main.storyboard in Resources */ = {isa = PBXBuildFile; fileRef = D0FB37831E93CCA9007BBEB9 /* Main.storyboard */; };
		D0FB37871E93CCA9007BBEB9 /* Assets.xcassets in Resources */ = {isa = PBXBuildFile; fileRef = D0FB37861E93CCA9007BBEB9 /* Assets.xcassets */; };
		D0FB378A1E93CCA9007BBEB9 /* LaunchScreen.storyboard in Resources */ = {isa = PBXBuildFile; fileRef = D0FB37881E93CCA9007BBEB9 /* LaunchScreen.storyboard */; };
/* End PBXBuildFile section */

/* Begin PBXFileReference section */
		D0FB377A1E93CCA8007BBEB9 /* MapView.app */ = {isa = PBXFileReference; explicitFileType = wrapper.application; includeInIndex = 0; path = MapView.app; sourceTree = BUILT_PRODUCTS_DIR; };
		D0FB377D1E93CCA8007BBEB9 /* AppDelegate.swift */ = {isa = PBXFileReference; lastKnownFileType = sourcecode.swift; path = AppDelegate.swift; sourceTree = "<group>"; };
		D0FB377F1E93CCA8007BBEB9 /* FirstViewController.swift */ = {isa = PBXFileReference; lastKnownFileType = sourcecode.swift; path = FirstViewController.swift; sourceTree = "<group>"; };
		D0FB37811E93CCA8007BBEB9 /* SecondViewController.swift */ = {isa = PBXFileReference; lastKnownFileType = sourcecode.swift; path = SecondViewController.swift; sourceTree = "<group>"; };
		D0FB37841E93CCA9007BBEB9 /* Base */ = {isa = PBXFileReference; lastKnownFileType = file.storyboard; name = Base; path = Base.lproj/Main.storyboard; sourceTree = "<group>"; };
		D0FB37861E93CCA9007BBEB9 /* Assets.xcassets */ = {isa = PBXFileReference; lastKnownFileType = folder.assetcatalog; path = Assets.xcassets; sourceTree = "<group>"; };
		D0FB37891E93CCA9007BBEB9 /* Base */ = {isa = PBXFileReference; lastKnownFileType = file.storyboard; name = Base; path = Base.lproj/LaunchScreen.storyboard; sourceTree = "<group>"; };
		D0FB378B1E93CCA9007BBEB9 /* Info.plist */ = {isa = PBXFileReference; lastKnownFileType = text.plist.xml; path = Info.plist; sourceTree = "<group>"; };
/* End PBXFileReference section */

/* Begin PBXFrameworksBuildPhase section */
		D0FB37771E93CCA8007BBEB9 /* Frameworks */ = {
			isa = PBXFrameworksBuildPhase;
			buildActionMask = 2147483647;
			files = (
			);
			runOnlyForDeploymentPostprocessing = 0;
		};
/* End PBXFrameworksBuildPhase section */

/* Begin PBXGroup section */
		D0FB37711E93CCA8007BBEB9 = {
			isa = PBXGroup;
			children = (
				D0FB377C1E93CCA8007BBEB9 /* MapView */,
				D0FB377B1E93CCA8007BBEB9 /* Products */,
			);
			sourceTree = "<group>";
		};
		D0FB377B1E93CCA8007BBEB9 /* Products */ = {
			isa = PBXGroup;
			children = (
				D0FB377A1E93CCA8007BBEB9 /* MapView.app */,
			);
			name = Products;
			sourceTree = "<group>";
		};
		D0FB377C1E93CCA8007BBEB9 /* MapView */ = {
			isa = PBXGroup;
			children = (
				D0FB377D1E93CCA8007BBEB9 /* AppDelegate.swift */,
				D0FB377F1E93CCA8007BBEB9 /* FirstViewController.swift */,
				D0FB37811E93CCA8007BBEB9 /* SecondViewController.swift */,
				D0FB37831E93CCA9007BBEB9 /* Main.storyboard */,
				D0FB37861E93CCA9007BBEB9 /* Assets.xcassets */,
				D0FB37881E93CCA9007BBEB9 /* LaunchScreen.storyboard */,
				D0FB378B1E93CCA9007BBEB9 /* Info.plist */,
			);
			path = MapView;
			sourceTree = "<group>";
		};
/* End PBXGroup section */

/* Begin PBXNativeTarget section */
		D0FB37791E93CCA8007BBEB9 /* MapView */ = {
			isa = PBXNativeTarget;
			buildConfigurationList = D0FB378E1E93CCA9007BBEB9 /* Build configuration list for PBXNativeTarget "MapView" */;
			buildPhases = (
				D0FB37761E93CCA8007BBEB9 /* Sources */,
				D0FB37771E93CCA8007BBEB9 /* Frameworks */,
				D0FB37781E93CCA8007BBEB9 /* Resources */,
			);
			buildRules = (
			);
			dependencies = (
			);
			name = MapView;
			productName = MapView;
			productReference = D0FB377A1E93CCA8007BBEB9 /* MapView.app */;
			productType = "com.apple.product-type.application";
		};
/* End PBXNativeTarget section */

/* Begin PBXProject section */
		D0FB37721E93CCA8007BBEB9 /* Project object */ = {
			isa = PBXProject;
			attributes = {
				LastSwiftUpdateCheck = 0730;
				LastUpgradeCheck = 0730;
				ORGANIZATIONNAME = "Peter Zaporowski";
				TargetAttributes = {
					D0FB37791E93CCA8007BBEB9 = {
						CreatedOnToolsVersion = 7.3.1;
					};
				};
			};
			buildConfigurationList = D0FB37751E93CCA8007BBEB9 /* Build configuration list for PBXProject "MapView" */;
			compatibilityVersion = "Xcode 3.2";
			developmentRegion = English;
			hasScannedForEncodings = 0;
			knownRegions = (
				en,
				Base,
			);
			mainGroup = D0FB37711E93CCA8007BBEB9;
			productRefGroup = D0FB377B1E93CCA8007BBEB9 /* Products */;
			projectDirPath = "";
			projectRoot = "";
			targets = (
				D0FB37791E93CCA8007BBEB9 /* MapView */,
			);
		};
/* End PBXProject section */

/* Begin PBXResourcesBuildPhase section */
		D0FB37781E93CCA8007BBEB9 /* Resources */ = {
			isa = PBXResourcesBuildPhase;
			buildActionMask = 2147483647;
			files = (
				D0FB378A1E93CCA9007BBEB9 /* LaunchScreen.storyboard in Resources */,
				D0FB37871E93CCA9007BBEB9 /* Assets.xcassets in Resources */,
				D0FB37851E93CCA9007BBEB9 /* Main.storyboard in Resources */,
			);
			runOnlyForDeploymentPostprocessing = 0;
		};
/* End PBXResourcesBuildPhase section */

/* Begin PBXSourcesBuildPhase section */
		D0FB37761E93CCA8007BBEB9 /* Sources */ = {
			isa = PBXSourcesBuildPhase;
			buildActionMask = 2147483647;
			files = (
				D0FB37821E93CCA8007BBEB9 /* SecondViewController.swift in Sources */,
				D0FB377E1E93CCA8007BBEB9 /* AppDelegate.swift in Sources */,
				D0FB37801E93CCA8007BBEB9 /* FirstViewController.swift in Sources */,
			);
			runOnlyForDeploymentPostprocessing = 0;
		};
/* End PBXSourcesBuildPhase section */

/* Begin PBXVariantGroup section */
		D0FB37831E93CCA9007BBEB9 /* Main.storyboard */ = {
			isa = PBXVariantGroup;
			children = (
				D0FB37841E93CCA9007BBEB9 /* Base */,
			);
			name = Main.storyboard;
			sourceTree = "<group>";
		};
		D0FB37881E93CCA9007BBEB9 /* LaunchScreen.storyboard */ = {
			isa = PBXVariantGroup;
			children = (
				D0FB37891E93CCA9007BBEB9 /* Base */,
			);
			name = LaunchScreen.storyboard;
			sourceTree = "<group>";
		};
/* End PBXVariantGroup section */

/* Begin XCBuildConfiguration section */
		D0FB378C1E93CCA9007BBEB9 /* Debug */ = {
			isa = XCBuildConfiguration;
			buildSettings = {
				ALWAYS_SEARCH_USER_PATHS = NO;
				CLANG_ANALYZER_NONNULL = YES;
				CLANG_CXX_LANGUAGE_STANDARD = "gnu++0x";
				CLANG_CXX_LIBRARY = "libc++";
				CLANG_ENABLE_MODULES = YES;
				CLANG_ENABLE_OBJC_ARC = YES;
				CLANG_WARN_BOOL_CONVERSION = YES;
				CLANG_WARN_CONSTANT_CONVERSION = YES;
				CLANG_WARN_DIRECT_OBJC_ISA_USAGE = YES_ERROR;
				CLANG_WARN_EMPTY_BODY = YES;
				CLANG_WARN_ENUM_CONVERSION = YES;
				CLANG_WARN_INT_CONVERSION = YES;
				CLANG_WARN_OBJC_ROOT_CLASS = YES_ERROR;
				CLANG_WARN_UNREACHABLE_CODE = YES;
				CLANG_WARN__DUPLICATE_METHOD_MATCH = YES;
				"CODE_SIGN_IDENTITY[sdk=iphoneos*]" = "iPhone Developer";
				COPY_PHASE_STRIP = NO;
				DEBUG_INFORMATION_FORMAT = dwarf;
				ENABLE_STRICT_OBJC_MSGSEND = YES;
				ENABLE_TESTABILITY = YES;
				GCC_C_LANGUAGE_STANDARD = gnu99;
				GCC_DYNAMIC_NO_PIC = NO;
				GCC_NO_COMMON_BLOCKS = YES;
				GCC_OPTIMIZATION_LEVEL = 0;
				GCC_PREPROCESSOR_DEFINITIONS = (
					"DEBUG=1",
					"$(inherited)",
				);
				GCC_WARN_64_TO_32_BIT_CONVERSION = YES;
				GCC_WARN_ABOUT_RETURN_TYPE = YES_ERROR;
				GCC_WARN_UNDECLARED_SELECTOR = YES;
				GCC_WARN_UNINITIALIZED_AUTOS = YES_AGGRESSIVE;
				GCC_WARN_UNUSED_FUNCTION = YES;
				GCC_WARN_UNUSED_VARIABLE = YES;
				IPHONEOS_DEPLOYMENT_TARGET = 9.3;
				MTL_ENABLE_DEBUG_INFO = YES;
				ONLY_ACTIVE_ARCH = YES;
				SDKROOT = iphoneos;
				SWIFT_OPTIMIZATION_LEVEL = "-Onone";
				TARGETED_DEVICE_FAMILY = "1,2";
			};
			name = Debug;
		};
		D0FB378D1E93CCA9007BBEB9 /* Release */ = {
			isa = XCBuildConfiguration;
			buildSettings = {
				ALWAYS_SEARCH_USER_PATHS = NO;
				CLANG_ANALYZER_NONNULL = YES;
				CLANG_CXX_LANGUAGE_STANDARD = "gnu++0x";
				CLANG_CXX_LIBRARY = "libc++";
				CLANG_ENABLE_MODULES = YES;
				CLANG_ENABLE_OBJC_ARC = YES;
				CLANG_WARN_BOOL_CONVERSION = YES;
				CLANG_WARN_CONSTANT_CONVERSION = YES;
				CLANG_WARN_DIRECT_OBJC_ISA_USAGE = YES_ERROR;
				CLANG_WARN_EMPTY_BODY = YES;
				CLANG_WARN_ENUM_CONVERSION = YES;
				CLANG_WARN_INT_CONVERSION = YES;
				CLANG_WARN_OBJC_ROOT_CLASS = YES_ERROR;
				CLANG_WARN_UNREACHABLE_CODE = YES;
				CLANG_WARN__DUPLICATE_METHOD_MATCH = YES;
				"CODE_SIGN_IDENTITY[sdk=iphoneos*]" = "iPhone Developer";
				COPY_PHASE_STRIP = NO;
				DEBUG_INFORMATION_FORMAT = "dwarf-with-dsym";
				ENABLE_NS_ASSERTIONS = NO;
				ENABLE_STRICT_OBJC_MSGSEND = YES;
				GCC_C_LANGUAGE_STANDARD = gnu99;
				GCC_NO_COMMON_BLOCKS = YES;
				GCC_WARN_64_TO_32_BIT_CONVERSION = YES;
				GCC_WARN_ABOUT_RETURN_TYPE = YES_ERROR;
				GCC_WARN_UNDECLARED_SELECTOR = YES;
				GCC_WARN_UNINITIALIZED_AUTOS = YES_AGGRESSIVE;
				GCC_WARN_UNUSED_FUNCTION = YES;
				GCC_WARN_UNUSED_VARIABLE = YES;
				IPHONEOS_DEPLOYMENT_TARGET = 9.3;
				MTL_ENABLE_DEBUG_INFO = NO;
				SDKROOT = iphoneos;
				TARGETED_DEVICE_FAMILY = "1,2";
				VALIDATE_PRODUCT = YES;
			};
			name = Release;
		};
		D0FB378F1E93CCA9007BBEB9 /* Debug */ = {
			isa = XCBuildConfiguration;
			buildSettings = {
				ASSETCATALOG_COMPILER_APPICON_NAME = AppIcon;
				INFOPLIST_FILE = MapView/Info.plist;
				LD_RUNPATH_SEARCH_PATHS = "$(inherited) @executable_path/Frameworks";
				PRODUCT_BUNDLE_IDENTIFIER = com.peterzig.MapView;
				PRODUCT_NAME = "$(TARGET_NAME)";
			};
			name = Debug;
		};
		D0FB37901E93CCA9007BBEB9 /* Release */ = {
			isa = XCBuildConfiguration;
			buildSettings = {
				ASSETCATALOG_COMPILER_APPICON_NAME = AppIcon;
				INFOPLIST_FILE = MapView/Info.plist;
				LD_RUNPATH_SEARCH_PATHS = "$(inherited) @executable_path/Frameworks";
				PRODUCT_BUNDLE_IDENTIFIER = com.peterzig.MapView;
				PRODUCT_NAME = "$(TARGET_NAME)";
			};
			name = Release;
		};
/* End XCBuildConfiguration section */

/* Begin XCConfigurationList section */
		D0FB37751E93CCA8007BBEB9 /* Build configuration list for PBXProject "MapView" */ = {
			isa = XCConfigurationList;
			buildConfigurations = (
				D0FB378C1E93CCA9007BBEB9 /* Debug */,
				D0FB378D1E93CCA9007BBEB9 /* Release */,
			);
			defaultConfigurationIsVisible = 0;
			defaultConfigurationName = Release;
		};
		D0FB378E1E93CCA9007BBEB9 /* Build configuration list for PBXNativeTarget "MapView" */ = {
			isa = XCConfigurationList;
			buildConfigurations = (
				D0FB378F1E93CCA9007BBEB9 /* Debug */,
				D0FB37901E93CCA9007BBEB9 /* Release */,
			);
			defaultConfigurationIsVisible = 0;
		};
/* End XCConfigurationList section */
	};
	rootObject = D0FB37721E93CCA8007BBEB9 /* Project object */;
}
